<?xml version="1.0" encoding="utf-8"?>
<Project ToolsVersion="4.0" xmlns="http://schemas.microsoft.com/developer/msbuild/2003">
  <ItemGroup>
    <Filter Include="Source Files">
      <UniqueIdentifier>{4FC737F1-C7A5-4376-A066-2A32D752A2FF}</UniqueIdentifier>
      <Extensions>cpp;c;cc;cxx;def;odl;idl;hpj;bat;asm;asmx</Extensions>
    </Filter>
    <Filter Include="Header Files">
      <UniqueIdentifier>{93995380-89BD-4b04-88EB-625FBE52EBFB}</UniqueIdentifier>
      <Extensions>h;hpp;hxx;hm;inl;inc;xsd</Extensions>
    </Filter>
    <Filter Include="Resource Files">
      <UniqueIdentifier>{67DA6AB6-F800-4c08-8B7A-83BB121AAD01}</UniqueIdentifier>
      <Extensions>rc;ico;cur;bmp;dlg;rc2;rct;bin;rgs;gif;jpg;jpeg;jpe;resx;tiff;tif;png;wav;mfcribbon-ms</Extensions>
    </Filter>
  </ItemGroup>
  <ItemGroup>
    <ClCompile Include="Demo.cpp">
      <Filter>Source Files</Filter>
    </ClCompile>
    <ClCompile Include="package_analysis\VehicleCouting.cpp">
      <Filter>Source Files</Filter>
    </ClCompile>
    <ClCompile Include="package_bgs\PBAS\PBAS.cpp">
      <Filter>Source Files</Filter>
    </ClCompile>
    <ClCompile Include="package_bgs\PBAS\PixelBasedAdaptiveSegmenter.cpp">
      <Filter>Source Files</Filter>
    </ClCompile>
    <ClCompile Include="package_tracking\BlobTracking.cpp">
      <Filter>Source Files</Filter>
    </ClCompile>
    <ClCompile Include="package_tracking\cvblob\cvaux.cpp">
      <Filter>Source Files</Filter>
    </ClCompile>
    <ClCompile Include="package_tracking\cvblob\cvblob.cpp">
      <Filter>Source Files</Filter>
    </ClCompile>
    <ClCompile Include="package_tracking\cvblob\cvcolor.cpp">
      <Filter>Source Files</Filter>
    </ClCompile>
    <ClCompile Include="package_tracking\cvblob\cvcontour.cpp">
      <Filter>Source Files</Filter>
    </ClCompile>
    <ClCompile Include="package_tracking\cvblob\cvlabel.cpp">
      <Filter>Source Files</Filter>
    </ClCompile>
    <ClCompile Include="package_tracking\cvblob\cvtrack.cpp">
      <Filter>Source Files</Filter>
    </ClCompile>
  </ItemGroup>
  <ItemGroup>
    <ClInclude Include="package_analysis\VehicleCouting.h">
      <Filter>Header Files</Filter>
    </ClInclude>
    <ClInclude Include="package_bgs\PBAS\PBAS.h">
      <Filter>Header Files</Filter>
    </ClInclude>
    <ClInclude Include="package_bgs\PBAS\PixelBasedAdaptiveSegmenter.h">
      <Filter>Header Files</Filter>
    </ClInclude>
    <ClInclude Include="package_bgs\IBGS.h">
      <Filter>Header Files</Filter>
    </ClInclude>
    <ClInclude Include="package_tracking\BlobTracking.h">
      <Filter>Header Files</Filter>
    </ClInclude>
    <ClInclude Include="package_tracking\cvblob\cvblob.h">
      <Filter>Header Files</Filter>
    </ClInclude>
  </ItemGroup>
</Project>